
Microsoft Visual Studio Solution File, Format Version 12.00
# Visual Studio Version 17
VisualStudioVersion = 17.2.32516.85
MinimumVisualStudioVersion = 10.0.40219.1
Project("{9A19103F-16F7-4668-BE54-9A1E7A4F7556}") = "TestProjectAPI", "TestProjectAPI\TestProjectAPI.csproj", "{E74CB18A-9F37-4B79-8B52-46B13EEA84A3}"
EndProject
Project("{FAE04EC0-301F-11D3-BF4B-00C04F79EFBC}") = "DataAccessLayer", "DataAccessLayer\DataAccessLayer.csproj", "{0281F67D-4209-4F1A-9C4F-D6CE0B524C1F}"
EndProject
Project("{FAE04EC0-301F-11D3-BF4B-00C04F79EFBC}") = "BusinessLogicLayer", "BusinessLogicLayer\BusinessLogicLayer.csproj", "{5C7FAD0A-E7A9-471A-8ED5-AE2DE915AE3D}"
EndProject
Global
	GlobalSection(SolutionConfigurationPlatforms) = preSolution
		Debug|Any CPU = Debug|Any CPU
		Release|Any CPU = Release|Any CPU
	EndGlobalSection
	GlobalSection(ProjectConfigurationPlatforms) = postSolution
		{E74CB18A-9F37-4B79-8B52-46B13EEA84A3}.Debug|Any CPU.ActiveCfg = Debug|Any CPU
		{E74CB18A-9F37-4B79-8B52-46B13EEA84A3}.Debug|Any CPU.Build.0 = Debug|Any CPU
		{E74CB18A-9F37-4B79-8B52-46B13EEA84A3}.Release|Any CPU.ActiveCfg = Release|Any CPU
		{E74CB18A-9F37-4B79-8B52-46B13EEA84A3}.Release|Any CPU.Build.0 = Release|Any CPU
		{0281F67D-4209-4F1A-9C4F-D6CE0B524C1F}.Debug|Any CPU.ActiveCfg = Debug|Any CPU
		{0281F67D-4209-4F1A-9C4F-D6CE0B524C1F}.Debug|Any CPU.Build.0 = Debug|Any CPU
		{0281F67D-4209-4F1A-9C4F-D6CE0B524C1F}.Release|Any CPU.ActiveCfg = Release|Any CPU
		{0281F67D-4209-4F1A-9C4F-D6CE0B524C1F}.Release|Any CPU.Build.0 = Release|Any CPU
		{5C7FAD0A-E7A9-471A-8ED5-AE2DE915AE3D}.Debug|Any CPU.ActiveCfg = Debug|Any CPU
		{5C7FAD0A-E7A9-471A-8ED5-AE2DE915AE3D}.Debug|Any CPU.Build.0 = Debug|Any CPU
		{5C7FAD0A-E7A9-471A-8ED5-AE2DE915AE3D}.Release|Any CPU.ActiveCfg = Release|Any CPU
		{5C7FAD0A-E7A9-471A-8ED5-AE2DE915AE3D}.Release|Any CPU.Build.0 = Release|Any CPU
	EndGlobalSection
	GlobalSection(SolutionProperties) = preSolution
		HideSolutionNode = FALSE
	EndGlobalSection
	GlobalSection(ExtensibilityGlobals) = postSolution
		SolutionGuid = {985DD778-78F6-457D-B5D3-21F5D6CB5488}
	EndGlobalSection
EndGlobal
